<?xml version="1.0" encoding="utf-8"?>
<Project ToolsVersion="4.0" xmlns="http://schemas.microsoft.com/developer/msbuild/2003">
  <ItemGroup>
    <ClCompile Include="src\Weapon.cpp">
      <Filter>Source Files</Filter>
    </ClCompile>
    <ClCompile Include="src\Audio.cpp">
      <Filter>Source Files</Filter>
    </ClCompile>
    <ClCompile Include="src\ContactListener.cpp">
      <Filter>Source Files</Filter>
    </ClCompile>
    <ClCompile Include="src\Game.cpp">
      <Filter>Source Files</Filter>
    </ClCompile>
    <ClCompile Include="src\JoystickController.cpp">
      <Filter>Source Files</Filter>
    </ClCompile>
    <ClCompile Include="src\Level.cpp">
      <Filter>Source Files</Filter>
    </ClCompile>
    <ClCompile Include="src\Main.cpp">
      <Filter>Source Files</Filter>
    </ClCompile>
    <ClCompile Include="src\Obstacle.cpp">
      <Filter>Source Files</Filter>
    </ClCompile>
    <ClCompile Include="src\Player.cpp">
      <Filter>Source Files</Filter>
    </ClCompile>
    <ClCompile Include="src\ResourceManager.cpp">
      <Filter>Source Files</Filter>
    </ClCompile>
    <ClCompile Include="src\ScreenManager.cpp">
      <Filter>Source Files</Filter>
    </ClCompile>
    <ClCompile Include="src\Button.cpp">
      <Filter>Source Files\Widget Source</Filter>
    </ClCompile>
    <ClCompile Include="src\Label.cpp">
      <Filter>Source Files\Widget Source</Filter>
    </ClCompile>
    <ClCompile Include="src\PlayScreen.cpp">
      <Filter>Source Files\Screen Source</Filter>
    </ClCompile>
    <ClCompile Include="src\MainMenu.cpp">
      <Filter>Source Files\Screen Source</Filter>
    </ClCompile>
    <ClCompile Include="src\Options.cpp">
      <Filter>Source Files\Screen Source</Filter>
    </ClCompile>
    <ClCompile Include="src\LevelLoader.cpp">
      <Filter>Source Files</Filter>
    </ClCompile>
    <ClCompile Include="src\Help.cpp">
      <Filter>Source Files\Screen Source</Filter>
    </ClCompile>
    <ClCompile Include="src\PreGame.cpp">
      <Filter>Source Files\Screen Source</Filter>
    </ClCompile>
    <ClCompile Include="src\OptionButton.cpp">
      <Filter>Source Files\Widget Source</Filter>
    </ClCompile>
    <ClCompile Include="src\Particle.cpp">
      <Filter>Source Files\Particle Source</Filter>
    </ClCompile>
    <ClCompile Include="src\ParticleSystem.cpp">
      <Filter>Source Files\Particle Source</Filter>
    </ClCompile>
    <ClCompile Include="src\Slider.cpp">
      <Filter>Source Files\Widget Source</Filter>
    </ClCompile>
    <ClCompile Include="src\Flag.cpp">
      <Filter>Source Files</Filter>
    </ClCompile>
  </ItemGroup>
  <ItemGroup>
    <ClInclude Include="include\Audio.h">
      <Filter>Header Files</Filter>
    </ClInclude>
    <ClInclude Include="include\ContactListener.h">
      <Filter>Header Files</Filter>
    </ClInclude>
    <ClInclude Include="include\Game.h">
      <Filter>Header Files</Filter>
    </ClInclude>
    <ClInclude Include="include\JoystickController.h">
      <Filter>Header Files</Filter>
    </ClInclude>
    <ClInclude Include="include\Weapon.h">
      <Filter>Header Files</Filter>
    </ClInclude>
    <ClInclude Include="include\ScreenManager.h">
      <Filter>Header Files</Filter>
    </ClInclude>
    <ClInclude Include="include\ResourceManager.h">
      <Filter>Header Files</Filter>
    </ClInclude>
    <ClInclude Include="include\Player.h">
      <Filter>Header Files</Filter>
    </ClInclude>
    <ClInclude Include="include\Obstacle.h">
      <Filter>Header Files</Filter>
    </ClInclude>
    <ClInclude Include="include\Level.h">
      <Filter>Header Files</Filter>
    </ClInclude>
    <ClInclude Include="include\PlayScreen.h">
      <Filter>Header Files\Screen Headers</Filter>
    </ClInclude>
    <ClInclude Include="include\Screen.h">
      <Filter>Header Files\Screen Headers</Filter>
    </ClInclude>
    <ClInclude Include="include\Options.h">
      <Filter>Header Files\Screen Headers</Filter>
    </ClInclude>
    <ClInclude Include="include\MainMenu.h">
      <Filter>Header Files\Screen Headers</Filter>
    </ClInclude>
    <ClInclude Include="include\Button.h">
      <Filter>Header Files\Widget Headers</Filter>
    </ClInclude>
    <ClInclude Include="include\Label.h">
      <Filter>Header Files\Widget Headers</Filter>
    </ClInclude>
    <ClInclude Include="include\LevelLoader.h">
      <Filter>Header Files</Filter>
    </ClInclude>
    <ClInclude Include="include\Vector2Helper.h">
      <Filter>Header Files</Filter>
    </ClInclude>
    <ClInclude Include="include\Help.h">
      <Filter>Header Files\Screen Headers</Filter>
    </ClInclude>
    <ClInclude Include="include\PreGame.h">
      <Filter>Header Files\Screen Headers</Filter>
    </ClInclude>
    <ClInclude Include="include\OptionButton.h">
      <Filter>Header Files\Widget Headers</Filter>
    </ClInclude>
    <ClInclude Include="include\Particle.h">
      <Filter>Header Files\Particle Headers</Filter>
    </ClInclude>
    <ClInclude Include="include\ParticleSystem.h">
      <Filter>Header Files\Particle Headers</Filter>
    </ClInclude>
    <ClInclude Include="include\Slider.h">
      <Filter>Header Files\Widget Headers</Filter>
    </ClInclude>
    <ClInclude Include="include\Flag.h">
      <Filter>Header Files</Filter>
    </ClInclude>
  </ItemGroup>
  <ItemGroup>
    <Filter Include="Header Files">
      <UniqueIdentifier>{431ab550-2e3c-4016-b8c7-204b7e4bd1ed}</UniqueIdentifier>
    </Filter>
    <Filter Include="Source Files">
      <UniqueIdentifier>{ceed6ff0-5c3d-40b8-8a08-bf3ca1b48645}</UniqueIdentifier>
    </Filter>
    <Filter Include="Header Files\Screen Headers">
      <UniqueIdentifier>{a6ec6e85-549c-4002-8b7c-023c8ed50296}</UniqueIdentifier>
    </Filter>
    <Filter Include="Header Files\Widget Headers">
      <UniqueIdentifier>{af663ab6-d925-49a0-a154-7e57fad07c0b}</UniqueIdentifier>
    </Filter>
    <Filter Include="Source Files\Screen Source">
      <UniqueIdentifier>{19fcb4a9-5276-472a-bc08-e29c04feadab}</UniqueIdentifier>
    </Filter>
    <Filter Include="Source Files\Widget Source">
      <UniqueIdentifier>{ef05f61b-0238-44ac-a032-e21e050eb026}</UniqueIdentifier>
    </Filter>
    <Filter Include="Header Files\Particle Headers">
      <UniqueIdentifier>{02944f06-e8c7-45a3-8932-8d22555b20c1}</UniqueIdentifier>
    </Filter>
    <Filter Include="Source Files\Particle Source">
      <UniqueIdentifier>{1149c946-8a99-420a-b375-6570e0340546}</UniqueIdentifier>
    </Filter>
  </ItemGroup>
</Project>